
Microsoft Visual Studio Solution File, Format Version 12.00
# Visual Studio Version 17
VisualStudioVersion = 17.2.32630.192
MinimumVisualStudioVersion = 10.0.40219.1
Project("{FAE04EC0-301F-11D3-BF4B-00C04F79EFBC}") = "Projeto_Calculadora", "Projeto_Calculadora.csproj", "{E1978AEB-0436-4862-AA75-6A4FE40E74D6}"
EndProject
Global
	GlobalSection(SolutionConfigurationPlatforms) = preSolution
		Debug|Any CPU = Debug|Any CPU
		Release|Any CPU = Release|Any CPU
	EndGlobalSection
	GlobalSection(ProjectConfigurationPlatforms) = postSolution
		{E1978AEB-0436-4862-AA75-6A4FE40E74D6}.Debug|Any CPU.ActiveCfg = Debug|Any CPU
		{E1978AEB-0436-4862-AA75-6A4FE40E74D6}.Debug|Any CPU.Build.0 = Debug|Any CPU
		{E1978AEB-0436-4862-AA75-6A4FE40E74D6}.Release|Any CPU.ActiveCfg = Release|Any CPU
		{E1978AEB-0436-4862-AA75-6A4FE40E74D6}.Release|Any CPU.Build.0 = Release|Any CPU
	EndGlobalSection
	GlobalSection(SolutionProperties) = preSolution
		HideSolutionNode = FALSE
	EndGlobalSection
	GlobalSection(ExtensibilityGlobals) = postSolution
		SolutionGuid = {AE4A1D78-6A18-493C-8EEA-239039375A2B}
	EndGlobalSection
EndGlobal
